
Microsoft Visual Studio Solution File, Format Version 12.00
# Visual Studio Version 17
VisualStudioVersion = 17.5.002.0
MinimumVisualStudioVersion = 10.0.40219.1
Project("{2150E333-8FDC-42A3-9474-1A3956D46DE8}") = "src", "src", "{570377D4-D0BE-41AC-BB03-A1FB98B9DF2C}"
EndProject
Project("{9A19103F-16F7-4668-BE54-9A1E7A4F7556}") = "LargeLobbyClientLagReducer", "src\LargeLobbyClientLagReducer\LargeLobbyClientLagReducer.csproj", "{FA1ADCDE-AAE6-44BB-A349-DB5840501A9D}"
EndProject
Global
	GlobalSection(SolutionConfigurationPlatforms) = preSolution
		Debug|Any CPU = Debug|Any CPU
		Release|Any CPU = Release|Any CPU
	EndGlobalSection
	GlobalSection(ProjectConfigurationPlatforms) = postSolution
		{FA1ADCDE-AAE6-44BB-A349-DB5840501A9D}.Debug|Any CPU.ActiveCfg = Debug|Any CPU
		{FA1ADCDE-AAE6-44BB-A349-DB5840501A9D}.Debug|Any CPU.Build.0 = Debug|Any CPU
		{FA1ADCDE-AAE6-44BB-A349-DB5840501A9D}.Release|Any CPU.ActiveCfg = Release|Any CPU
		{FA1ADCDE-AAE6-44BB-A349-DB5840501A9D}.Release|Any CPU.Build.0 = Release|Any CPU
	EndGlobalSection
	GlobalSection(SolutionProperties) = preSolution
		HideSolutionNode = FALSE
	EndGlobalSection
	GlobalSection(NestedProjects) = preSolution
		{FA1ADCDE-AAE6-44BB-A349-DB5840501A9D} = {570377D4-D0BE-41AC-BB03-A1FB98B9DF2C}
	EndGlobalSection
	GlobalSection(ExtensibilityGlobals) = postSolution
		SolutionGuid = {92F6D475-68F0-44D6-A1AF-A28F5948E381}
	EndGlobalSection
EndGlobal
